
Microsoft Visual Studio Solution File, Format Version 12.00
# Visual Studio 15
VisualStudioVersion = 15.0.28010.2048
MinimumVisualStudioVersion = 10.0.40219.1
Project("{FAE04EC0-301F-11D3-BF4B-00C04F79EFBC}") = "MyWeb", "MyWeb\MyWeb.csproj", "{529F65C0-C196-4FC1-91E8-0F5906D6F3C1}"
EndProject
Project("{FAE04EC0-301F-11D3-BF4B-00C04F79EFBC}") = "Core", "Core\Core.csproj", "{58881E59-CD2A-40F9-81FF-B31B376FC7CE}"
EndProject
Global
	GlobalSection(SolutionConfigurationPlatforms) = preSolution
		Debug|Any CPU = Debug|Any CPU
		Release|Any CPU = Release|Any CPU
	EndGlobalSection
	GlobalSection(ProjectConfigurationPlatforms) = postSolution
		{529F65C0-C196-4FC1-91E8-0F5906D6F3C1}.Debug|Any CPU.ActiveCfg = Debug|Any CPU
		{529F65C0-C196-4FC1-91E8-0F5906D6F3C1}.Debug|Any CPU.Build.0 = Debug|Any CPU
		{529F65C0-C196-4FC1-91E8-0F5906D6F3C1}.Release|Any CPU.ActiveCfg = Release|Any CPU
		{529F65C0-C196-4FC1-91E8-0F5906D6F3C1}.Release|Any CPU.Build.0 = Release|Any CPU
		{58881E59-CD2A-40F9-81FF-B31B376FC7CE}.Debug|Any CPU.ActiveCfg = Debug|Any CPU
		{58881E59-CD2A-40F9-81FF-B31B376FC7CE}.Debug|Any CPU.Build.0 = Debug|Any CPU
		{58881E59-CD2A-40F9-81FF-B31B376FC7CE}.Release|Any CPU.ActiveCfg = Release|Any CPU
		{58881E59-CD2A-40F9-81FF-B31B376FC7CE}.Release|Any CPU.Build.0 = Release|Any CPU
	EndGlobalSection
	GlobalSection(SolutionProperties) = preSolution
		HideSolutionNode = FALSE
	EndGlobalSection
	GlobalSection(ExtensibilityGlobals) = postSolution
		SolutionGuid = {931468AD-DFAE-4B49-A2FA-53D78801D727}
	EndGlobalSection
EndGlobal
